<?xml version="1.0" encoding="UTF-8" standalone="yes" ?>
<CodeBlocks_project_file>
	<FileVersion major="1" minor="6" />
	<Project>
		<Option title="pz6806l" />
		<Option pch_mode="2" />
		<Option compiler="gcc" />
		<Build>
			<Target title="Debug">
				<Option output="bin/Debug/pz6806l" prefix_auto="1" extension_auto="1" />
				<Option object_output="obj/Debug/" />
				<Option type="1" />
				<Option compiler="gcc" />
				<Compiler>
					<Add option="-g" />
				</Compiler>
			</Target>
			<Target title="Release">
				<Option output="bin/Release/pz6806l" prefix_auto="1" extension_auto="1" />
				<Option object_output="obj/Release/" />
				<Option type="1" />
				<Option compiler="gcc" />
				<Compiler>
					<Add option="-O2" />
				</Compiler>
				<Linker>
					<Add option="-s" />
				</Linker>
			</Target>
		</Build>
		<Compiler>
			<Add option="-Wall" />
		</Compiler>
		<Unit filename="../board/pz6806l/board_config.h" />
		<Unit filename="../board/pz6806l/serial.c">
			<Option compilerVar="CC" />
		</Unit>
		<Unit filename="../board/pz6806l/serial.h" />
		<Unit filename="../common/define.h" />
		<Unit filename="../common/device.c">
			<Option compilerVar="CC" />
		</Unit>
		<Unit filename="../common/device.h" />
		<Extensions />
	</Project>
</CodeBlocks_project_file>
